schema: '2.0'
stages:
  preprocess_train:
    cmd: PYTHONPATH=. python src/dataprocessing/preprocessTrain.py
    deps:
    - path: data/training/fraudTrain.csv
      hash: md5
      md5: 9723893e5492dc0551036edcf596e284
      size: 351238196
    - path: src/dataprocessing/preprocessTrain.py
      hash: md5
      md5: 77b792507a78f0cf6251353d7037fb0d
      size: 474
    outs:
    - path: outputs/preprocessed/train_preprocessed.csv
      hash: md5
      md5: b71062ee68bb87035a5970d8b95c881e
      size: 181760450
  train_model:
    cmd: PYTHONPATH=. python src/models/DecisionTree.py
    deps:
    - path: outputs/preprocessed/train_preprocessed.csv
      hash: md5
      md5: b71062ee68bb87035a5970d8b95c881e
      size: 181760450
    - path: src/models/DecisionTree.py
      hash: md5
      md5: 47e0bb1a36a2857f8a58ca68ab1b19f9
      size: 6109
    outs:
    - path: outputs/metrics/decision_tree_metrics.json
      hash: md5
      md5: 4f92084e353a186e62b4aad962683001
      size: 656
    - path: outputs/models/decision_tree_model.pkl
      hash: md5
      md5: 2a303de53ef3dd38ceac429a57c0abfa
      size: 1446770
    - path: outputs/models/model_run_metadata.json
      hash: md5
      md5: be69ff896685269a77adb9863d514bd0
      size: 72
  promote_model:
    cmd: PYTHONPATH=. python src/models/PromoteLogisticRegression.py
    deps:
    - path: outputs/models/logistic_model_run_metadata.json
      hash: md5
      md5: 8b29aa5c3fb9047bf83c0f4034e12dc6
      size: 72
