schema: '2.0'
stages:
  preprocess_train:
    cmd: PYTHONPATH=. python src/dataprocessing/preprocessTrain.py
    deps:
    - path: data/training/fraudTrain.csv
      hash: md5
      md5: 9723893e5492dc0551036edcf596e284
      size: 351238196
    - path: src/dataprocessing/preprocessTrain.py
      hash: md5
      md5: 77b792507a78f0cf6251353d7037fb0d
      size: 474
    outs:
    - path: outputs/preprocessed/train_preprocessed.csv
      hash: md5
      md5: b71062ee68bb87035a5970d8b95c881e
      size: 181760450
  train_model:
    cmd: PYTHONPATH=. python src/models/LogisticRegression.py
    deps:
    - path: outputs/preprocessed/train_preprocessed.csv
      hash: md5
      md5: b71062ee68bb87035a5970d8b95c881e
      size: 181760450
    - path: src/models/LogisticRegression.py
      hash: md5
      md5: 26cf81f760cc37efb15a9d5ab7d51619
      size: 7050
    outs:
    - path: outputs/metrics/logistic_metrics.json
      hash: md5
      md5: 46c1fb10240ae868497c900b370e512f
      size: 395
    - path: outputs/models/logistic_model.pkl
      hash: md5
      md5: bf249f0e26760f3b2f77c84dba02c133
      size: 1036
    - path: outputs/models/logistic_model_run_metadata.json
      hash: md5
      md5: 8b29aa5c3fb9047bf83c0f4034e12dc6
      size: 72
  promote_model:
    cmd: PYTHONPATH=. python src/models/PromoteLogisticRegression.py
    deps:
    - path: outputs/models/logistic_model_run_metadata.json
      hash: md5
      md5: 8b29aa5c3fb9047bf83c0f4034e12dc6
      size: 72
